github.com/google/go-querystring v1.0.0 h1:Xkwi/a1rcvNg1PPYe5vI8GbeBY/jrVuDX5ASuANWTrk=
github.com/google/go-querystring v1.0.0/go.mod h1:odCYkC5MyYFN7vkCjXpyrEuKhc/BUO6wN/zVPAxq5ck=
github.com/kylelemons/godebug v1.1.0 h1:RPNrshWIDI6G2gRW9EHilWtl7Z6Sb1BR0xunSBf0SNc=
github.com/kylelemons/godebug v1.1.0/go.mod h1:9/0rRGxNHcop5bhtWyNeEfOS8JIWk580+fNqagV/RAw=
github.com/usk81/generic v2.1.0+incompatible h1:yb1Z/GdRdIMnjacCdubEoZpKn053/WUpXbGgzU4YFtg=
github.com/usk81/generic v2.1.0+incompatible/go.mod h1:Zh37Sg9Nm31cmotO0QzOfGekMl3fd6x+dKi/p0MR/VI=
